// !$*UTF8*$!
{
	archiveVersion = 1;
	classes = {
	};
	objectVersion = 56;
	objects = {

/* Begin PBXBuildFile section */
		1137D85A2B0E4D09001A48A1 /* NeedleGenerated.swift in Sources */ = {isa = PBXBuildFile; fileRef = 1137D8592B0E4D09001A48A1 /* NeedleGenerated.swift */; };
		1137D85D2B0E50C1001A48A1 /* Kingfisher in Frameworks */ = {isa = PBXBuildFile; productRef = 1137D85C2B0E50C1001A48A1 /* Kingfisher */; };
		11630FB62B10B7750002D647 /* Apollo in Frameworks */ = {isa = PBXBuildFile; productRef = 11630FB52B10B7750002D647 /* Apollo */; };
		11630FB82B10B7750002D647 /* Apollo-Dynamic in Frameworks */ = {isa = PBXBuildFile; productRef = 11630FB72B10B7750002D647 /* Apollo-Dynamic */; };
		11630FBA2B10B7750002D647 /* ApolloAPI in Frameworks */ = {isa = PBXBuildFile; productRef = 11630FB92B10B7750002D647 /* ApolloAPI */; };
		11630FBC2B10B7750002D647 /* ApolloSQLite in Frameworks */ = {isa = PBXBuildFile; productRef = 11630FBB2B10B7750002D647 /* ApolloSQLite */; };
		11630FBE2B10B7750002D647 /* ApolloTestSupport in Frameworks */ = {isa = PBXBuildFile; productRef = 11630FBD2B10B7750002D647 /* ApolloTestSupport */; };
		11630FC02B10B7750002D647 /* ApolloWebSocket in Frameworks */ = {isa = PBXBuildFile; productRef = 11630FBF2B10B7750002D647 /* ApolloWebSocket */; };
		11630FC32B10BAAD0002D647 /* Lottie in Frameworks */ = {isa = PBXBuildFile; productRef = 11630FC22B10BAAD0002D647 /* Lottie */; };
		11630FC72B10BC5E0002D647 /* Localizable.xcstrings in Resources */ = {isa = PBXBuildFile; fileRef = 11630FC62B10BC5E0002D647 /* Localizable.xcstrings */; };
		11630FCE2B10C60C0002D647 /* HomeView.swift in Sources */ = {isa = PBXBuildFile; fileRef = 11630FCD2B10C60C0002D647 /* HomeView.swift */; };
		11630FD12B10DA1F0002D647 /* OfferHomeCell.swift in Sources */ = {isa = PBXBuildFile; fileRef = 11630FD02B10DA1F0002D647 /* OfferHomeCell.swift */; };
		11630FD42B10DA4D0002D647 /* BlurView.swift in Sources */ = {isa = PBXBuildFile; fileRef = 11630FD32B10DA4D0002D647 /* BlurView.swift */; };
		11630FD72B10DA790002D647 /* FollowFingerModifier.swift in Sources */ = {isa = PBXBuildFile; fileRef = 11630FD62B10DA790002D647 /* FollowFingerModifier.swift */; };
		11A7B8652B0E422E00AEB14D /* CocktailStarApp.swift in Sources */ = {isa = PBXBuildFile; fileRef = 11A7B8642B0E422E00AEB14D /* CocktailStarApp.swift */; };
		11A7B8672B0E422E00AEB14D /* ContentView.swift in Sources */ = {isa = PBXBuildFile; fileRef = 11A7B8662B0E422E00AEB14D /* ContentView.swift */; };
		11A7B8692B0E422F00AEB14D /* Assets.xcassets in Resources */ = {isa = PBXBuildFile; fileRef = 11A7B8682B0E422F00AEB14D /* Assets.xcassets */; };
		11A7B86C2B0E422F00AEB14D /* Preview Assets.xcassets in Resources */ = {isa = PBXBuildFile; fileRef = 11A7B86B2B0E422F00AEB14D /* Preview Assets.xcassets */; };
		11A7B87E2B0E43C600AEB14D /* RswiftLibrary in Frameworks */ = {isa = PBXBuildFile; productRef = 11A7B87D2B0E43C600AEB14D /* RswiftLibrary */; };
		11A7B8802B0E43C600AEB14D /* rswift in Frameworks */ = {isa = PBXBuildFile; productRef = 11A7B87F2B0E43C600AEB14D /* rswift */; };
		11A7B8832B0E449D00AEB14D /* NeedleFoundation in Frameworks */ = {isa = PBXBuildFile; productRef = 11A7B8822B0E449D00AEB14D /* NeedleFoundation */; };
		11A7B8852B0E449D00AEB14D /* NeedleFoundationTest in Frameworks */ = {isa = PBXBuildFile; productRef = 11A7B8842B0E449D00AEB14D /* NeedleFoundationTest */; };
		11A7B88C2B0E483700AEB14D /* RootComponent.swift in Sources */ = {isa = PBXBuildFile; fileRef = 11A7B88B2B0E483700AEB14D /* RootComponent.swift */; };
		11A7B8912B0E48E900AEB14D /* needle.sh in Resources */ = {isa = PBXBuildFile; fileRef = 11A7B88F2B0E48E900AEB14D /* needle.sh */; };
/* End PBXBuildFile section */

/* Begin PBXFileReference section */
		1137D8592B0E4D09001A48A1 /* NeedleGenerated.swift */ = {isa = PBXFileReference; lastKnownFileType = sourcecode.swift; path = NeedleGenerated.swift; sourceTree = "<group>"; };
		11630FC62B10BC5E0002D647 /* Localizable.xcstrings */ = {isa = PBXFileReference; lastKnownFileType = text.json.xcstrings; path = Localizable.xcstrings; sourceTree = "<group>"; };
		11630FCD2B10C60C0002D647 /* HomeView.swift */ = {isa = PBXFileReference; lastKnownFileType = sourcecode.swift; path = HomeView.swift; sourceTree = "<group>"; };
		11630FD02B10DA1F0002D647 /* OfferHomeCell.swift */ = {isa = PBXFileReference; lastKnownFileType = sourcecode.swift; path = OfferHomeCell.swift; sourceTree = "<group>"; };
		11630FD32B10DA4D0002D647 /* BlurView.swift */ = {isa = PBXFileReference; lastKnownFileType = sourcecode.swift; path = BlurView.swift; sourceTree = "<group>"; };
		11630FD62B10DA790002D647 /* FollowFingerModifier.swift */ = {isa = PBXFileReference; lastKnownFileType = sourcecode.swift; path = FollowFingerModifier.swift; sourceTree = "<group>"; };
		11A7B8612B0E422D00AEB14D /* CocktailStar.app */ = {isa = PBXFileReference; explicitFileType = wrapper.application; includeInIndex = 0; path = CocktailStar.app; sourceTree = BUILT_PRODUCTS_DIR; };
		11A7B8642B0E422E00AEB14D /* CocktailStarApp.swift */ = {isa = PBXFileReference; lastKnownFileType = sourcecode.swift; path = CocktailStarApp.swift; sourceTree = "<group>"; };
		11A7B8662B0E422E00AEB14D /* ContentView.swift */ = {isa = PBXFileReference; lastKnownFileType = sourcecode.swift; path = ContentView.swift; sourceTree = "<group>"; };
		11A7B8682B0E422F00AEB14D /* Assets.xcassets */ = {isa = PBXFileReference; lastKnownFileType = folder.assetcatalog; path = Assets.xcassets; sourceTree = "<group>"; };
		11A7B86B2B0E422F00AEB14D /* Preview Assets.xcassets */ = {isa = PBXFileReference; lastKnownFileType = folder.assetcatalog; path = "Preview Assets.xcassets"; sourceTree = "<group>"; };
		11A7B88B2B0E483700AEB14D /* RootComponent.swift */ = {isa = PBXFileReference; lastKnownFileType = sourcecode.swift; path = RootComponent.swift; sourceTree = "<group>"; };
		11A7B88F2B0E48E900AEB14D /* needle.sh */ = {isa = PBXFileReference; fileEncoding = 4; lastKnownFileType = text.script.sh; path = needle.sh; sourceTree = "<group>"; };
/* End PBXFileReference section */

/* Begin PBXFrameworksBuildPhase section */
		11A7B85E2B0E422D00AEB14D /* Frameworks */ = {
			isa = PBXFrameworksBuildPhase;
			buildActionMask = 2147483647;
			files = (
				11630FB82B10B7750002D647 /* Apollo-Dynamic in Frameworks */,
				11630FC02B10B7750002D647 /* ApolloWebSocket in Frameworks */,
				11630FBE2B10B7750002D647 /* ApolloTestSupport in Frameworks */,
				11A7B8852B0E449D00AEB14D /* NeedleFoundationTest in Frameworks */,
				11630FBC2B10B7750002D647 /* ApolloSQLite in Frameworks */,
				11630FBA2B10B7750002D647 /* ApolloAPI in Frameworks */,
				11630FB62B10B7750002D647 /* Apollo in Frameworks */,
				11A7B87E2B0E43C600AEB14D /* RswiftLibrary in Frameworks */,
				11A7B8832B0E449D00AEB14D /* NeedleFoundation in Frameworks */,
				11A7B8802B0E43C600AEB14D /* rswift in Frameworks */,
				1137D85D2B0E50C1001A48A1 /* Kingfisher in Frameworks */,
				11630FC32B10BAAD0002D647 /* Lottie in Frameworks */,
			);
			runOnlyForDeploymentPostprocessing = 0;
		};
/* End PBXFrameworksBuildPhase section */

/* Begin PBXGroup section */
		11630FC42B10BB170002D647 /* UserDefaults */ = {
			isa = PBXGroup;
			children = (
			);
			path = UserDefaults;
			sourceTree = "<group>";
		};
		11630FC52B10BB240002D647 /* Keychain */ = {
			isa = PBXGroup;
			children = (
			);
			path = Keychain;
			sourceTree = "<group>";
		};
		11630FC82B10C17E0002D647 /* Home */ = {
			isa = PBXGroup;
			children = (
				11630FCF2B10DA160002D647 /* Cells */,
				11630FCD2B10C60C0002D647 /* HomeView.swift */,
			);
			path = Home;
			sourceTree = "<group>";
		};
		11630FC92B10C1840002D647 /* Favorites */ = {
			isa = PBXGroup;
			children = (
			);
			path = Favorites;
			sourceTree = "<group>";
		};
		11630FCA2B10C1AD0002D647 /* Profile */ = {
			isa = PBXGroup;
			children = (
			);
			path = Profile;
			sourceTree = "<group>";
		};
		11630FCB2B10C1B60002D647 /* AllCocktails */ = {
			isa = PBXGroup;
			children = (
			);
			path = AllCocktails;
			sourceTree = "<group>";
		};
		11630FCF2B10DA160002D647 /* Cells */ = {
			isa = PBXGroup;
			children = (
				11630FD02B10DA1F0002D647 /* OfferHomeCell.swift */,
			);
			path = Cells;
			sourceTree = "<group>";
		};
		11630FD22B10DA460002D647 /* UISystem */ = {
			isa = PBXGroup;
			children = (
				11630FD52B10DA690002D647 /* Modifiers */,
				11630FD32B10DA4D0002D647 /* BlurView.swift */,
			);
			path = UISystem;
			sourceTree = "<group>";
		};
		11630FD52B10DA690002D647 /* Modifiers */ = {
			isa = PBXGroup;
			children = (
				11630FD62B10DA790002D647 /* FollowFingerModifier.swift */,
			);
			path = Modifiers;
			sourceTree = "<group>";
		};
		11A7B8582B0E422D00AEB14D = {
			isa = PBXGroup;
			children = (
				11A7B8632B0E422E00AEB14D /* CocktailStar */,
				11A7B8622B0E422D00AEB14D /* Products */,
			);
			sourceTree = "<group>";
		};
		11A7B8622B0E422D00AEB14D /* Products */ = {
			isa = PBXGroup;
			children = (
				11A7B8612B0E422D00AEB14D /* CocktailStar.app */,
			);
			name = Products;
			sourceTree = "<group>";
		};
		11A7B8632B0E422E00AEB14D /* CocktailStar */ = {
			isa = PBXGroup;
			children = (
				11A7B88D2B0E48E900AEB14D /* Scripts */,
				11A7B87A2B0E429E00AEB14D /* Core */,
				11A7B8792B0E429100AEB14D /* Features */,
				11A7B8732B0E423D00AEB14D /* Common */,
				11A7B8642B0E422E00AEB14D /* CocktailStarApp.swift */,
				11A7B8662B0E422E00AEB14D /* ContentView.swift */,
				11A7B8742B0E424400AEB14D /* Resources */,
				11A7B86A2B0E422F00AEB14D /* Preview Content */,
			);
			path = CocktailStar;
			sourceTree = "<group>";
		};
		11A7B86A2B0E422F00AEB14D /* Preview Content */ = {
			isa = PBXGroup;
			children = (
				11A7B86B2B0E422F00AEB14D /* Preview Assets.xcassets */,
			);
			path = "Preview Content";
			sourceTree = "<group>";
		};
		11A7B8732B0E423D00AEB14D /* Common */ = {
			isa = PBXGroup;
			children = (
				11630FD22B10DA460002D647 /* UISystem */,
				11A7B8872B0E44E400AEB14D /* Generated */,
				11A7B8782B0E427600AEB14D /* Utils */,
				11A7B8772B0E426E00AEB14D /* Managers */,
				11A7B8762B0E426000AEB14D /* Network */,
				11A7B8752B0E425700AEB14D /* Services */,
			);
			path = Common;
			sourceTree = "<group>";
		};
		11A7B8742B0E424400AEB14D /* Resources */ = {
			isa = PBXGroup;
			children = (
				11A7B8682B0E422F00AEB14D /* Assets.xcassets */,
				11630FC62B10BC5E0002D647 /* Localizable.xcstrings */,
			);
			path = Resources;
			sourceTree = "<group>";
		};
		11A7B8752B0E425700AEB14D /* Services */ = {
			isa = PBXGroup;
			children = (
				11630FC52B10BB240002D647 /* Keychain */,
				11630FC42B10BB170002D647 /* UserDefaults */,
			);
			path = Services;
			sourceTree = "<group>";
		};
		11A7B8762B0E426000AEB14D /* Network */ = {
			isa = PBXGroup;
			children = (
			);
			path = Network;
			sourceTree = "<group>";
		};
		11A7B8772B0E426E00AEB14D /* Managers */ = {
			isa = PBXGroup;
			children = (
			);
			path = Managers;
			sourceTree = "<group>";
		};
		11A7B8782B0E427600AEB14D /* Utils */ = {
			isa = PBXGroup;
			children = (
			);
			path = Utils;
			sourceTree = "<group>";
		};
		11A7B8792B0E429100AEB14D /* Features */ = {
			isa = PBXGroup;
			children = (
				11630FCB2B10C1B60002D647 /* AllCocktails */,
				11630FCA2B10C1AD0002D647 /* Profile */,
				11630FC92B10C1840002D647 /* Favorites */,
				11630FC82B10C17E0002D647 /* Home */,
			);
			path = Features;
			sourceTree = "<group>";
		};
		11A7B87A2B0E429E00AEB14D /* Core */ = {
			isa = PBXGroup;
			children = (
				11A7B87B2B0E42A500AEB14D /* Extensions */,
				11A7B88B2B0E483700AEB14D /* RootComponent.swift */,
			);
			path = Core;
			sourceTree = "<group>";
		};
		11A7B87B2B0E42A500AEB14D /* Extensions */ = {
			isa = PBXGroup;
			children = (
			);
			path = Extensions;
			sourceTree = "<group>";
		};
		11A7B8872B0E44E400AEB14D /* Generated */ = {
			isa = PBXGroup;
			children = (
				1137D8592B0E4D09001A48A1 /* NeedleGenerated.swift */,
			);
			path = Generated;
			sourceTree = "<group>";
		};
		11A7B88D2B0E48E900AEB14D /* Scripts */ = {
			isa = PBXGroup;
			children = (
				11A7B88F2B0E48E900AEB14D /* needle.sh */,
			);
			path = Scripts;
			sourceTree = "<group>";
		};
/* End PBXGroup section */

/* Begin PBXNativeTarget section */
		11A7B8602B0E422D00AEB14D /* CocktailStar */ = {
			isa = PBXNativeTarget;
			buildConfigurationList = 11A7B86F2B0E422F00AEB14D /* Build configuration list for PBXNativeTarget "CocktailStar" */;
			buildPhases = (
				11A7B8862B0E44C300AEB14D /* Needle generate */,
				11A7B85D2B0E422D00AEB14D /* Sources */,
				11A7B85E2B0E422D00AEB14D /* Frameworks */,
				11A7B85F2B0E422D00AEB14D /* Resources */,
			);
			buildRules = (
			);
			dependencies = (
			);
			name = CocktailStar;
			packageProductDependencies = (
				11A7B87D2B0E43C600AEB14D /* RswiftLibrary */,
				11A7B87F2B0E43C600AEB14D /* rswift */,
				11A7B8822B0E449D00AEB14D /* NeedleFoundation */,
				11A7B8842B0E449D00AEB14D /* NeedleFoundationTest */,
				1137D85C2B0E50C1001A48A1 /* Kingfisher */,
				11630FB52B10B7750002D647 /* Apollo */,
				11630FB72B10B7750002D647 /* Apollo-Dynamic */,
				11630FB92B10B7750002D647 /* ApolloAPI */,
				11630FBB2B10B7750002D647 /* ApolloSQLite */,
				11630FBD2B10B7750002D647 /* ApolloTestSupport */,
				11630FBF2B10B7750002D647 /* ApolloWebSocket */,
				11630FC22B10BAAD0002D647 /* Lottie */,
			);
			productName = CocktailStar;
			productReference = 11A7B8612B0E422D00AEB14D /* CocktailStar.app */;
			productType = "com.apple.product-type.application";
		};
/* End PBXNativeTarget section */

/* Begin PBXProject section */
		11A7B8592B0E422D00AEB14D /* Project object */ = {
			isa = PBXProject;
			attributes = {
				BuildIndependentTargetsInParallel = 1;
				LastSwiftUpdateCheck = 1500;
				LastUpgradeCheck = 1500;
				TargetAttributes = {
					11A7B8602B0E422D00AEB14D = {
						CreatedOnToolsVersion = 15.0;
					};
				};
			};
			buildConfigurationList = 11A7B85C2B0E422D00AEB14D /* Build configuration list for PBXProject "CocktailStar" */;
			compatibilityVersion = "Xcode 14.0";
			developmentRegion = en;
			hasScannedForEncodings = 0;
			knownRegions = (
				en,
				Base,
			);
			mainGroup = 11A7B8582B0E422D00AEB14D;
			packageReferences = (
				11A7B87C2B0E43C500AEB14D /* XCRemoteSwiftPackageReference "R.swift" */,
				11A7B8812B0E449D00AEB14D /* XCRemoteSwiftPackageReference "needle" */,
				1137D85B2B0E50C1001A48A1 /* XCRemoteSwiftPackageReference "Kingfisher" */,
				11630FB42B10B7750002D647 /* XCRemoteSwiftPackageReference "apollo-ios" */,
				11630FC12B10BAAD0002D647 /* XCRemoteSwiftPackageReference "lottie-ios" */,
			);
			productRefGroup = 11A7B8622B0E422D00AEB14D /* Products */;
			projectDirPath = "";
			projectRoot = "";
			targets = (
				11A7B8602B0E422D00AEB14D /* CocktailStar */,
			);
		};
/* End PBXProject section */

/* Begin PBXResourcesBuildPhase section */
		11A7B85F2B0E422D00AEB14D /* Resources */ = {
			isa = PBXResourcesBuildPhase;
			buildActionMask = 2147483647;
			files = (
				11A7B86C2B0E422F00AEB14D /* Preview Assets.xcassets in Resources */,
				11A7B8692B0E422F00AEB14D /* Assets.xcassets in Resources */,
				11630FC72B10BC5E0002D647 /* Localizable.xcstrings in Resources */,
				11A7B8912B0E48E900AEB14D /* needle.sh in Resources */,
			);
			runOnlyForDeploymentPostprocessing = 0;
		};
/* End PBXResourcesBuildPhase section */

/* Begin PBXShellScriptBuildPhase section */
		11A7B8862B0E44C300AEB14D /* Needle generate */ = {
			isa = PBXShellScriptBuildPhase;
			alwaysOutOfDate = 1;
			buildActionMask = 2147483647;
			files = (
			);
			inputFileListPaths = (
			);
			inputPaths = (
			);
			name = "Needle generate";
			outputFileListPaths = (
			);
			outputPaths = (
			);
			runOnlyForDeploymentPostprocessing = 0;
			shellPath = /bin/sh;
			shellScript = "\"$SRCROOT\"/CocktailStar/Scripts/needle.sh\n";
		};
/* End PBXShellScriptBuildPhase section */

/* Begin PBXSourcesBuildPhase section */
		11A7B85D2B0E422D00AEB14D /* Sources */ = {
			isa = PBXSourcesBuildPhase;
			buildActionMask = 2147483647;
			files = (
				1137D85A2B0E4D09001A48A1 /* NeedleGenerated.swift in Sources */,
				11630FD42B10DA4D0002D647 /* BlurView.swift in Sources */,
				11630FD72B10DA790002D647 /* FollowFingerModifier.swift in Sources */,
				11630FD12B10DA1F0002D647 /* OfferHomeCell.swift in Sources */,
				11A7B8672B0E422E00AEB14D /* ContentView.swift in Sources */,
				11A7B88C2B0E483700AEB14D /* RootComponent.swift in Sources */,
				11630FCE2B10C60C0002D647 /* HomeView.swift in Sources */,
				11A7B8652B0E422E00AEB14D /* CocktailStarApp.swift in Sources */,
			);
			runOnlyForDeploymentPostprocessing = 0;
		};
/* End PBXSourcesBuildPhase section */

/* Begin XCBuildConfiguration section */
		11A7B86D2B0E422F00AEB14D /* Debug */ = {
			isa = XCBuildConfiguration;
			buildSettings = {
				ALWAYS_SEARCH_USER_PATHS = NO;
				ASSETCATALOG_COMPILER_GENERATE_SWIFT_ASSET_SYMBOL_EXTENSIONS = YES;
				CLANG_ANALYZER_NONNULL = YES;
				CLANG_ANALYZER_NUMBER_OBJECT_CONVERSION = YES_AGGRESSIVE;
				CLANG_CXX_LANGUAGE_STANDARD = "gnu++20";
				CLANG_ENABLE_MODULES = YES;
				CLANG_ENABLE_OBJC_ARC = YES;
				CLANG_ENABLE_OBJC_WEAK = YES;
				CLANG_WARN_BLOCK_CAPTURE_AUTORELEASING = YES;
				CLANG_WARN_BOOL_CONVERSION = YES;
				CLANG_WARN_COMMA = YES;
				CLANG_WARN_CONSTANT_CONVERSION = YES;
				CLANG_WARN_DEPRECATED_OBJC_IMPLEMENTATIONS = YES;
				CLANG_WARN_DIRECT_OBJC_ISA_USAGE = YES_ERROR;
				CLANG_WARN_DOCUMENTATION_COMMENTS = YES;
				CLANG_WARN_EMPTY_BODY = YES;
				CLANG_WARN_ENUM_CONVERSION = YES;
				CLANG_WARN_INFINITE_RECURSION = YES;
				CLANG_WARN_INT_CONVERSION = YES;
				CLANG_WARN_NON_LITERAL_NULL_CONVERSION = YES;
				CLANG_WARN_OBJC_IMPLICIT_RETAIN_SELF = YES;
				CLANG_WARN_OBJC_LITERAL_CONVERSION = YES;
				CLANG_WARN_OBJC_ROOT_CLASS = YES_ERROR;
				CLANG_WARN_QUOTED_INCLUDE_IN_FRAMEWORK_HEADER = YES;
				CLANG_WARN_RANGE_LOOP_ANALYSIS = YES;
				CLANG_WARN_STRICT_PROTOTYPES = YES;
				CLANG_WARN_SUSPICIOUS_MOVE = YES;
				CLANG_WARN_UNGUARDED_AVAILABILITY = YES_AGGRESSIVE;
				CLANG_WARN_UNREACHABLE_CODE = YES;
				CLANG_WARN__DUPLICATE_METHOD_MATCH = YES;
				COPY_PHASE_STRIP = NO;
				DEBUG_INFORMATION_FORMAT = dwarf;
				ENABLE_STRICT_OBJC_MSGSEND = YES;
				ENABLE_TESTABILITY = YES;
				ENABLE_USER_SCRIPT_SANDBOXING = NO;
				GCC_C_LANGUAGE_STANDARD = gnu17;
				GCC_DYNAMIC_NO_PIC = NO;
				GCC_NO_COMMON_BLOCKS = YES;
				GCC_OPTIMIZATION_LEVEL = 0;
				GCC_PREPROCESSOR_DEFINITIONS = (
					"DEBUG=1",
					"$(inherited)",
				);
				GCC_WARN_64_TO_32_BIT_CONVERSION = YES;
				GCC_WARN_ABOUT_RETURN_TYPE = YES_ERROR;
				GCC_WARN_UNDECLARED_SELECTOR = YES;
				GCC_WARN_UNINITIALIZED_AUTOS = YES_AGGRESSIVE;
				GCC_WARN_UNUSED_FUNCTION = YES;
				GCC_WARN_UNUSED_VARIABLE = YES;
				IPHONEOS_DEPLOYMENT_TARGET = 17.0;
				LOCALIZATION_PREFERS_STRING_CATALOGS = YES;
				MTL_ENABLE_DEBUG_INFO = INCLUDE_SOURCE;
				MTL_FAST_MATH = YES;
				ONLY_ACTIVE_ARCH = YES;
				SDKROOT = iphoneos;
				SWIFT_ACTIVE_COMPILATION_CONDITIONS = "DEBUG $(inherited)";
				SWIFT_OPTIMIZATION_LEVEL = "-Onone";
			};
			name = Debug;
		};
		11A7B86E2B0E422F00AEB14D /* Release */ = {
			isa = XCBuildConfiguration;
			buildSettings = {
				ALWAYS_SEARCH_USER_PATHS = NO;
				ASSETCATALOG_COMPILER_GENERATE_SWIFT_ASSET_SYMBOL_EXTENSIONS = YES;
				CLANG_ANALYZER_NONNULL = YES;
				CLANG_ANALYZER_NUMBER_OBJECT_CONVERSION = YES_AGGRESSIVE;
				CLANG_CXX_LANGUAGE_STANDARD = "gnu++20";
				CLANG_ENABLE_MODULES = YES;
				CLANG_ENABLE_OBJC_ARC = YES;
				CLANG_ENABLE_OBJC_WEAK = YES;
				CLANG_WARN_BLOCK_CAPTURE_AUTORELEASING = YES;
				CLANG_WARN_BOOL_CONVERSION = YES;
				CLANG_WARN_COMMA = YES;
				CLANG_WARN_CONSTANT_CONVERSION = YES;
				CLANG_WARN_DEPRECATED_OBJC_IMPLEMENTATIONS = YES;
				CLANG_WARN_DIRECT_OBJC_ISA_USAGE = YES_ERROR;
				CLANG_WARN_DOCUMENTATION_COMMENTS = YES;
				CLANG_WARN_EMPTY_BODY = YES;
				CLANG_WARN_ENUM_CONVERSION = YES;
				CLANG_WARN_INFINITE_RECURSION = YES;
				CLANG_WARN_INT_CONVERSION = YES;
				CLANG_WARN_NON_LITERAL_NULL_CONVERSION = YES;
				CLANG_WARN_OBJC_IMPLICIT_RETAIN_SELF = YES;
				CLANG_WARN_OBJC_LITERAL_CONVERSION = YES;
				CLANG_WARN_OBJC_ROOT_CLASS = YES_ERROR;
				CLANG_WARN_QUOTED_INCLUDE_IN_FRAMEWORK_HEADER = YES;
				CLANG_WARN_RANGE_LOOP_ANALYSIS = YES;
				CLANG_WARN_STRICT_PROTOTYPES = YES;
				CLANG_WARN_SUSPICIOUS_MOVE = YES;
				CLANG_WARN_UNGUARDED_AVAILABILITY = YES_AGGRESSIVE;
				CLANG_WARN_UNREACHABLE_CODE = YES;
				CLANG_WARN__DUPLICATE_METHOD_MATCH = YES;
				COPY_PHASE_STRIP = NO;
				DEBUG_INFORMATION_FORMAT = "dwarf-with-dsym";
				ENABLE_NS_ASSERTIONS = NO;
				ENABLE_STRICT_OBJC_MSGSEND = YES;
				ENABLE_USER_SCRIPT_SANDBOXING = NO;
				GCC_C_LANGUAGE_STANDARD = gnu17;
				GCC_NO_COMMON_BLOCKS = YES;
				GCC_WARN_64_TO_32_BIT_CONVERSION = YES;
				GCC_WARN_ABOUT_RETURN_TYPE = YES_ERROR;
				GCC_WARN_UNDECLARED_SELECTOR = YES;
				GCC_WARN_UNINITIALIZED_AUTOS = YES_AGGRESSIVE;
				GCC_WARN_UNUSED_FUNCTION = YES;
				GCC_WARN_UNUSED_VARIABLE = YES;
				IPHONEOS_DEPLOYMENT_TARGET = 17.0;
				LOCALIZATION_PREFERS_STRING_CATALOGS = YES;
				MTL_ENABLE_DEBUG_INFO = NO;
				MTL_FAST_MATH = YES;
				SDKROOT = iphoneos;
				SWIFT_COMPILATION_MODE = wholemodule;
				VALIDATE_PRODUCT = YES;
			};
			name = Release;
		};
		11A7B8702B0E422F00AEB14D /* Debug */ = {
			isa = XCBuildConfiguration;
			buildSettings = {
				ASSETCATALOG_COMPILER_APPICON_NAME = AppIcon;
				ASSETCATALOG_COMPILER_GLOBAL_ACCENT_COLOR_NAME = AccentColor;
				CODE_SIGN_STYLE = Automatic;
				CURRENT_PROJECT_VERSION = 1;
				DEVELOPMENT_ASSET_PATHS = "\"CocktailStar/Preview Content\"";
				DEVELOPMENT_TEAM = 6NNWR2JHQ8;
				ENABLE_PREVIEWS = YES;
				GENERATE_INFOPLIST_FILE = YES;
				INFOPLIST_KEY_UIApplicationSceneManifest_Generation = YES;
				INFOPLIST_KEY_UIApplicationSupportsIndirectInputEvents = YES;
				INFOPLIST_KEY_UILaunchScreen_Generation = YES;
				INFOPLIST_KEY_UISupportedInterfaceOrientations_iPad = "UIInterfaceOrientationPortrait UIInterfaceOrientationPortraitUpsideDown UIInterfaceOrientationLandscapeLeft UIInterfaceOrientationLandscapeRight";
				INFOPLIST_KEY_UISupportedInterfaceOrientations_iPhone = "UIInterfaceOrientationPortrait UIInterfaceOrientationLandscapeLeft UIInterfaceOrientationLandscapeRight";
				LD_RUNPATH_SEARCH_PATHS = (
					"$(inherited)",
					"@executable_path/Frameworks",
				);
				MARKETING_VERSION = 1.0;
				PRODUCT_BUNDLE_IDENTIFIER = com.applagellc.robloxskinicon.CocktailStar;
				PRODUCT_NAME = "$(TARGET_NAME)";
				SWIFT_EMIT_LOC_STRINGS = YES;
				SWIFT_VERSION = 5.0;
				TARGETED_DEVICE_FAMILY = "1,2";
			};
			name = Debug;
		};
		11A7B8712B0E422F00AEB14D /* Release */ = {
			isa = XCBuildConfiguration;
			buildSettings = {
				ASSETCATALOG_COMPILER_APPICON_NAME = AppIcon;
				ASSETCATALOG_COMPILER_GLOBAL_ACCENT_COLOR_NAME = AccentColor;
				CODE_SIGN_STYLE = Automatic;
				CURRENT_PROJECT_VERSION = 1;
				DEVELOPMENT_ASSET_PATHS = "\"CocktailStar/Preview Content\"";
				DEVELOPMENT_TEAM = 6NNWR2JHQ8;
				ENABLE_PREVIEWS = YES;
				GENERATE_INFOPLIST_FILE = YES;
				INFOPLIST_KEY_UIApplicationSceneManifest_Generation = YES;
				INFOPLIST_KEY_UIApplicationSupportsIndirectInputEvents = YES;
				INFOPLIST_KEY_UILaunchScreen_Generation = YES;
				INFOPLIST_KEY_UISupportedInterfaceOrientations_iPad = "UIInterfaceOrientationPortrait UIInterfaceOrientationPortraitUpsideDown UIInterfaceOrientationLandscapeLeft UIInterfaceOrientationLandscapeRight";
				INFOPLIST_KEY_UISupportedInterfaceOrientations_iPhone = "UIInterfaceOrientationPortrait UIInterfaceOrientationLandscapeLeft UIInterfaceOrientationLandscapeRight";
				LD_RUNPATH_SEARCH_PATHS = (
					"$(inherited)",
					"@executable_path/Frameworks",
				);
				MARKETING_VERSION = 1.0;
				PRODUCT_BUNDLE_IDENTIFIER = com.applagellc.robloxskinicon.CocktailStar;
				PRODUCT_NAME = "$(TARGET_NAME)";
				SWIFT_EMIT_LOC_STRINGS = YES;
				SWIFT_VERSION = 5.0;
				TARGETED_DEVICE_FAMILY = "1,2";
			};
			name = Release;
		};
/* End XCBuildConfiguration section */

/* Begin XCConfigurationList section */
		11A7B85C2B0E422D00AEB14D /* Build configuration list for PBXProject "CocktailStar" */ = {
			isa = XCConfigurationList;
			buildConfigurations = (
				11A7B86D2B0E422F00AEB14D /* Debug */,
				11A7B86E2B0E422F00AEB14D /* Release */,
			);
			defaultConfigurationIsVisible = 0;
			defaultConfigurationName = Release;
		};
		11A7B86F2B0E422F00AEB14D /* Build configuration list for PBXNativeTarget "CocktailStar" */ = {
			isa = XCConfigurationList;
			buildConfigurations = (
				11A7B8702B0E422F00AEB14D /* Debug */,
				11A7B8712B0E422F00AEB14D /* Release */,
			);
			defaultConfigurationIsVisible = 0;
			defaultConfigurationName = Release;
		};
/* End XCConfigurationList section */

/* Begin XCRemoteSwiftPackageReference section */
		1137D85B2B0E50C1001A48A1 /* XCRemoteSwiftPackageReference "Kingfisher" */ = {
			isa = XCRemoteSwiftPackageReference;
			repositoryURL = "https://github.com/onevcat/Kingfisher.git";
			requirement = {
				kind = upToNextMajorVersion;
				minimumVersion = 7.10.0;
			};
		};
		11630FB42B10B7750002D647 /* XCRemoteSwiftPackageReference "apollo-ios" */ = {
			isa = XCRemoteSwiftPackageReference;
			repositoryURL = "https://github.com/apollographql/apollo-ios.git";
			requirement = {
				kind = upToNextMajorVersion;
				minimumVersion = 1.7.1;
			};
		};
		11630FC12B10BAAD0002D647 /* XCRemoteSwiftPackageReference "lottie-ios" */ = {
			isa = XCRemoteSwiftPackageReference;
			repositoryURL = "https://github.com/airbnb/lottie-ios.git";
			requirement = {
				kind = upToNextMajorVersion;
				minimumVersion = 4.3.3;
			};
		};
		11A7B87C2B0E43C500AEB14D /* XCRemoteSwiftPackageReference "R.swift" */ = {
			isa = XCRemoteSwiftPackageReference;
			repositoryURL = "https://github.com/mac-cain13/R.swift.git";
			requirement = {
				kind = upToNextMajorVersion;
				minimumVersion = 7.4.0;
			};
		};
		11A7B8812B0E449D00AEB14D /* XCRemoteSwiftPackageReference "needle" */ = {
			isa = XCRemoteSwiftPackageReference;
			repositoryURL = "https://github.com/uber/needle.git";
			requirement = {
				branch = master;
				kind = branch;
			};
		};
/* End XCRemoteSwiftPackageReference section */

/* Begin XCSwiftPackageProductDependency section */
		1137D85C2B0E50C1001A48A1 /* Kingfisher */ = {
			isa = XCSwiftPackageProductDependency;
			package = 1137D85B2B0E50C1001A48A1 /* XCRemoteSwiftPackageReference "Kingfisher" */;
			productName = Kingfisher;
		};
		11630FB52B10B7750002D647 /* Apollo */ = {
			isa = XCSwiftPackageProductDependency;
			package = 11630FB42B10B7750002D647 /* XCRemoteSwiftPackageReference "apollo-ios" */;
			productName = Apollo;
		};
		11630FB72B10B7750002D647 /* Apollo-Dynamic */ = {
			isa = XCSwiftPackageProductDependency;
			package = 11630FB42B10B7750002D647 /* XCRemoteSwiftPackageReference "apollo-ios" */;
			productName = "Apollo-Dynamic";
		};
		11630FB92B10B7750002D647 /* ApolloAPI */ = {
			isa = XCSwiftPackageProductDependency;
			package = 11630FB42B10B7750002D647 /* XCRemoteSwiftPackageReference "apollo-ios" */;
			productName = ApolloAPI;
		};
		11630FBB2B10B7750002D647 /* ApolloSQLite */ = {
			isa = XCSwiftPackageProductDependency;
			package = 11630FB42B10B7750002D647 /* XCRemoteSwiftPackageReference "apollo-ios" */;
			productName = ApolloSQLite;
		};
		11630FBD2B10B7750002D647 /* ApolloTestSupport */ = {
			isa = XCSwiftPackageProductDependency;
			package = 11630FB42B10B7750002D647 /* XCRemoteSwiftPackageReference "apollo-ios" */;
			productName = ApolloTestSupport;
		};
		11630FBF2B10B7750002D647 /* ApolloWebSocket */ = {
			isa = XCSwiftPackageProductDependency;
			package = 11630FB42B10B7750002D647 /* XCRemoteSwiftPackageReference "apollo-ios" */;
			productName = ApolloWebSocket;
		};
		11630FC22B10BAAD0002D647 /* Lottie */ = {
			isa = XCSwiftPackageProductDependency;
			package = 11630FC12B10BAAD0002D647 /* XCRemoteSwiftPackageReference "lottie-ios" */;
			productName = Lottie;
		};
		11A7B87D2B0E43C600AEB14D /* RswiftLibrary */ = {
			isa = XCSwiftPackageProductDependency;
			package = 11A7B87C2B0E43C500AEB14D /* XCRemoteSwiftPackageReference "R.swift" */;
			productName = RswiftLibrary;
		};
		11A7B87F2B0E43C600AEB14D /* rswift */ = {
			isa = XCSwiftPackageProductDependency;
			package = 11A7B87C2B0E43C500AEB14D /* XCRemoteSwiftPackageReference "R.swift" */;
			productName = rswift;
		};
		11A7B8822B0E449D00AEB14D /* NeedleFoundation */ = {
			isa = XCSwiftPackageProductDependency;
			package = 11A7B8812B0E449D00AEB14D /* XCRemoteSwiftPackageReference "needle" */;
			productName = NeedleFoundation;
		};
		11A7B8842B0E449D00AEB14D /* NeedleFoundationTest */ = {
			isa = XCSwiftPackageProductDependency;
			package = 11A7B8812B0E449D00AEB14D /* XCRemoteSwiftPackageReference "needle" */;
			productName = NeedleFoundationTest;
		};
/* End XCSwiftPackageProductDependency section */
	};
	rootObject = 11A7B8592B0E422D00AEB14D /* Project object */;
}
